{
  "version": 4,
  "terraform_version": "1.6.4",
  "serial": 19,
  "lineage": "aaf3a424-0781-7bd1-6ac7-f7825ee48549",
  "outputs": {},
  "resources": [
    {
      "mode": "managed",
      "type": "local_file",
      "name": "pet",
      "provider": "provider[\"registry.terraform.io/hashicorp/local\"]",
      "instances": [
        {
          "schema_version": 0,
          "attributes": {
            "content": "MY cat is MR.CAT",
            "content_base64": null,
            "content_base64sha256": "EPdqy4lMtvaomKRhsB/XaoVQ8BCEWdq8o0UiyYBXTvE=",
            "content_base64sha512": "DgqTkqcVI8gXaZY2ssJTRAYKLpOdhOFLSmnidwDLMOWkECseQqzf33pofHT53iv0tGBF8tcmOq2idhDQBaVE9g==",
            "content_md5": "dc46a2fff8bde30fe440d0300c04651b",
            "content_sha1": "7631a8864250091434fc2a543d60e75b34cb8d4f",
            "content_sha256": "10f76acb894cb6f6a898a461b01fd76a8550f0108459dabca34522c980574ef1",
            "content_sha512": "0e0a9392a71523c817699636b2c25344060a2e939d84e14b4a69e27700cb30e5a4102b1e42acdfdf7a687c74f9de2bf4b46045f2d7263aada27610d005a544f6",
            "directory_permission": "0777",
            "file_permission": "0777",
            "filename": "/pets.txt",
            "id": "7631a8864250091434fc2a543d60e75b34cb8d4f",
            "sensitive_content": null,
            "source": null
          },
          "sensitive_attributes": [],
          "create_before_destroy": true
        }
      ]
    }
  ],
  "check_results": null
}
